// !$*UTF8*$!
{
	archiveVersion = 1;
	classes = {
	};
	objectVersion = 56;
	objects = {

/* Begin PBXBuildFile section */
		3109AB6F2B0E303000540CAB /* SelectGender.swift in Sources */ = {isa = PBXBuildFile; fileRef = 3109AB6E2B0E303000540CAB /* SelectGender.swift */; };
		3109AB712B0E355A00540CAB /* InputBirthDay.swift in Sources */ = {isa = PBXBuildFile; fileRef = 3109AB702B0E355A00540CAB /* InputBirthDay.swift */; };
		3109AB742B0E380600540CAB /* SelectBloodType.swift in Sources */ = {isa = PBXBuildFile; fileRef = 3109AB732B0E380600540CAB /* SelectBloodType.swift */; };
		311A3EF62AED21F70082D247 /* SelectGenderView.swift in Sources */ = {isa = PBXBuildFile; fileRef = 311A3EF52AED21F70082D247 /* SelectGenderView.swift */; };
		311A3EF82AED2AEF0082D247 /* InputBirthdayView.swift in Sources */ = {isa = PBXBuildFile; fileRef = 311A3EF72AED2AEF0082D247 /* InputBirthdayView.swift */; };
		311A3EFA2AED2EE60082D247 /* Date+.swift in Sources */ = {isa = PBXBuildFile; fileRef = 311A3EF92AED2EE60082D247 /* Date+.swift */; };
		311A3EFC2AEE44800082D247 /* SelectBloodTypeView.swift in Sources */ = {isa = PBXBuildFile; fileRef = 311A3EFB2AEE44800082D247 /* SelectBloodTypeView.swift */; };
		314FD6A42AE9542A0052251C /* RoundedRectangleButtonView.swift in Sources */ = {isa = PBXBuildFile; fileRef = 314FD6A32AE9542A0052251C /* RoundedRectangleButtonView.swift */; };
		314FD6A62AE955CA0052251C /* InputNameView.swift in Sources */ = {isa = PBXBuildFile; fileRef = 314FD6A52AE955CA0052251C /* InputNameView.swift */; };
		317002BA2AD58B6100D8991A /* CGFloat+.swift in Sources */ = {isa = PBXBuildFile; fileRef = 317002B92AD58B6100D8991A /* CGFloat+.swift */; };
		318457362AE941B3007C2045 /* IntroView.swift in Sources */ = {isa = PBXBuildFile; fileRef = 318457352AE941B3007C2045 /* IntroView.swift */; };
		318457382AE94315007C2045 /* Font+.swift in Sources */ = {isa = PBXBuildFile; fileRef = 318457372AE94315007C2045 /* Font+.swift */; };
		3184573B2AE946AD007C2045 /* SF-Pro.ttf in Resources */ = {isa = PBXBuildFile; fileRef = 3184573A2AE946AD007C2045 /* SF-Pro.ttf */; };
		3184573D2AE946D1007C2045 /* SF-Pro-Text-Regular.otf in Resources */ = {isa = PBXBuildFile; fileRef = 3184573C2AE946D1007C2045 /* SF-Pro-Text-Regular.otf */; };
		3184573F2AE946DE007C2045 /* SF-Pro-Text-Semibold.otf in Resources */ = {isa = PBXBuildFile; fileRef = 3184573E2AE946DE007C2045 /* SF-Pro-Text-Semibold.otf */; };
		318457412AE946ED007C2045 /* SF-Pro-Text-Medium.otf in Resources */ = {isa = PBXBuildFile; fileRef = 318457402AE946ED007C2045 /* SF-Pro-Text-Medium.otf */; };
		3185210E2AEE76D7000579CE /* TextSectionSubView.swift in Sources */ = {isa = PBXBuildFile; fileRef = 3185210D2AEE76D7000579CE /* TextSectionSubView.swift */; };
		318521112AEEA30B000579CE /* MemberView.swift in Sources */ = {isa = PBXBuildFile; fileRef = 318521102AEEA30B000579CE /* MemberView.swift */; };
		318521142AEFD911000579CE /* MemberNameView.swift in Sources */ = {isa = PBXBuildFile; fileRef = 318521132AEFD911000579CE /* MemberNameView.swift */; };
		318521162AEFD91F000579CE /* MemberSexView.swift in Sources */ = {isa = PBXBuildFile; fileRef = 318521152AEFD91F000579CE /* MemberSexView.swift */; };
		318521182AEFD92C000579CE /* MemberBirthdayView.swift in Sources */ = {isa = PBXBuildFile; fileRef = 318521172AEFD92C000579CE /* MemberBirthdayView.swift */; };
		3185211A2AEFD93B000579CE /* MemberRhTypeView.swift in Sources */ = {isa = PBXBuildFile; fileRef = 318521192AEFD93B000579CE /* MemberRhTypeView.swift */; };
		3185211C2AEFEFF3000579CE /* MemberAboTypeView.swift in Sources */ = {isa = PBXBuildFile; fileRef = 3185211B2AEFEFF3000579CE /* MemberAboTypeView.swift */; };
		31A78CA82AD42EE400BE629A /* ModuMoaApp.swift in Sources */ = {isa = PBXBuildFile; fileRef = 31A78CA72AD42EE400BE629A /* ModuMoaApp.swift */; };
		31A78CAA2AD42EE400BE629A /* ContentView.swift in Sources */ = {isa = PBXBuildFile; fileRef = 31A78CA92AD42EE400BE629A /* ContentView.swift */; };
		31A78CAC2AD42EE600BE629A /* Assets.xcassets in Resources */ = {isa = PBXBuildFile; fileRef = 31A78CAB2AD42EE600BE629A /* Assets.xcassets */; };
		31A78CAF2AD42EE600BE629A /* Preview Assets.xcassets in Resources */ = {isa = PBXBuildFile; fileRef = 31A78CAE2AD42EE600BE629A /* Preview Assets.xcassets */; };
		31B388EB2AE38E5000DFE875 /* CardView.swift in Sources */ = {isa = PBXBuildFile; fileRef = 31B388EA2AE38E5000DFE875 /* CardView.swift */; };
		31B388ED2AE3944D00DFE875 /* HierarchyCardView.swift in Sources */ = {isa = PBXBuildFile; fileRef = 31B388EC2AE3944D00DFE875 /* HierarchyCardView.swift */; };
		31B388EF2AE3D3EB00DFE875 /* CGSize+.swift in Sources */ = {isa = PBXBuildFile; fileRef = 31B388EE2AE3D3EB00DFE875 /* CGSize+.swift */; };
		31C020C92B0107560031A312 /* AddMyInformation.swift in Sources */ = {isa = PBXBuildFile; fileRef = 31C020C82B0107560031A312 /* AddMyInformation.swift */; };
		31C020CB2B0503A90031A312 /* Intro.swift in Sources */ = {isa = PBXBuildFile; fileRef = 31C020CA2B0503A90031A312 /* Intro.swift */; };
		31C020CD2B050A9D0031A312 /* InputName.swift in Sources */ = {isa = PBXBuildFile; fileRef = 31C020CC2B050A9D0031A312 /* InputName.swift */; };
		31CD06902AE55883009D5383 /* AddMyInformationContainerView.swift in Sources */ = {isa = PBXBuildFile; fileRef = 31CD068F2AE55883009D5383 /* AddMyInformationContainerView.swift */; };
		31E1A3A12AFF51500065D499 /* ComposableArchitecture in Frameworks */ = {isa = PBXBuildFile; productRef = 31E1A3A02AFF51500065D499 /* ComposableArchitecture */; };
		31E1A3A42AFF51780065D499 /* Card.swift in Sources */ = {isa = PBXBuildFile; fileRef = 31E1A3A32AFF51780065D499 /* Card.swift */; };
		A0F324CF2ADA7EB500D64198 /* Member.swift in Sources */ = {isa = PBXBuildFile; fileRef = A0F324CE2ADA7EB500D64198 /* Member.swift */; };
		A0F324D12ADA826200D64198 /* Node.swift in Sources */ = {isa = PBXBuildFile; fileRef = A0F324D02ADA826200D64198 /* Node.swift */; };
		A0F324D32ADA891700D64198 /* FamilyTree.swift in Sources */ = {isa = PBXBuildFile; fileRef = A0F324D22ADA891700D64198 /* FamilyTree.swift */; };
/* End PBXBuildFile section */

/* Begin PBXFileReference section */
		3109AB6E2B0E303000540CAB /* SelectGender.swift */ = {isa = PBXFileReference; lastKnownFileType = sourcecode.swift; path = SelectGender.swift; sourceTree = "<group>"; };
		3109AB702B0E355A00540CAB /* InputBirthDay.swift */ = {isa = PBXFileReference; lastKnownFileType = sourcecode.swift; path = InputBirthDay.swift; sourceTree = "<group>"; };
		3109AB732B0E380600540CAB /* SelectBloodType.swift */ = {isa = PBXFileReference; lastKnownFileType = sourcecode.swift; path = SelectBloodType.swift; sourceTree = "<group>"; };
		311A3EF52AED21F70082D247 /* SelectGenderView.swift */ = {isa = PBXFileReference; lastKnownFileType = sourcecode.swift; path = SelectGenderView.swift; sourceTree = "<group>"; };
		311A3EF72AED2AEF0082D247 /* InputBirthdayView.swift */ = {isa = PBXFileReference; lastKnownFileType = sourcecode.swift; path = InputBirthdayView.swift; sourceTree = "<group>"; };
		311A3EF92AED2EE60082D247 /* Date+.swift */ = {isa = PBXFileReference; lastKnownFileType = sourcecode.swift; path = "Date+.swift"; sourceTree = "<group>"; };
		311A3EFB2AEE44800082D247 /* SelectBloodTypeView.swift */ = {isa = PBXFileReference; lastKnownFileType = sourcecode.swift; path = SelectBloodTypeView.swift; sourceTree = "<group>"; };
		314FD6A32AE9542A0052251C /* RoundedRectangleButtonView.swift */ = {isa = PBXFileReference; lastKnownFileType = sourcecode.swift; path = RoundedRectangleButtonView.swift; sourceTree = "<group>"; };
		314FD6A52AE955CA0052251C /* InputNameView.swift */ = {isa = PBXFileReference; lastKnownFileType = sourcecode.swift; path = InputNameView.swift; sourceTree = "<group>"; };
		317002B92AD58B6100D8991A /* CGFloat+.swift */ = {isa = PBXFileReference; lastKnownFileType = sourcecode.swift; path = "CGFloat+.swift"; sourceTree = "<group>"; };
		318457352AE941B3007C2045 /* IntroView.swift */ = {isa = PBXFileReference; lastKnownFileType = sourcecode.swift; path = IntroView.swift; sourceTree = "<group>"; };
		318457372AE94315007C2045 /* Font+.swift */ = {isa = PBXFileReference; lastKnownFileType = sourcecode.swift; path = "Font+.swift"; sourceTree = "<group>"; };
		3184573A2AE946AD007C2045 /* SF-Pro.ttf */ = {isa = PBXFileReference; lastKnownFileType = file; path = "SF-Pro.ttf"; sourceTree = "<group>"; };
		3184573C2AE946D1007C2045 /* SF-Pro-Text-Regular.otf */ = {isa = PBXFileReference; lastKnownFileType = file; path = "SF-Pro-Text-Regular.otf"; sourceTree = "<group>"; };
		3184573E2AE946DE007C2045 /* SF-Pro-Text-Semibold.otf */ = {isa = PBXFileReference; lastKnownFileType = file; path = "SF-Pro-Text-Semibold.otf"; sourceTree = "<group>"; };
		318457402AE946ED007C2045 /* SF-Pro-Text-Medium.otf */ = {isa = PBXFileReference; lastKnownFileType = file; path = "SF-Pro-Text-Medium.otf"; sourceTree = "<group>"; };
		318457422AE94726007C2045 /* Info.plist */ = {isa = PBXFileReference; lastKnownFileType = text.plist; path = Info.plist; sourceTree = "<group>"; };
		3185210D2AEE76D7000579CE /* TextSectionSubView.swift */ = {isa = PBXFileReference; lastKnownFileType = sourcecode.swift; path = TextSectionSubView.swift; sourceTree = "<group>"; };
		318521102AEEA30B000579CE /* MemberView.swift */ = {isa = PBXFileReference; lastKnownFileType = sourcecode.swift; path = MemberView.swift; sourceTree = "<group>"; };
		318521132AEFD911000579CE /* MemberNameView.swift */ = {isa = PBXFileReference; lastKnownFileType = sourcecode.swift; path = MemberNameView.swift; sourceTree = "<group>"; };
		318521152AEFD91F000579CE /* MemberSexView.swift */ = {isa = PBXFileReference; lastKnownFileType = sourcecode.swift; path = MemberSexView.swift; sourceTree = "<group>"; };
		318521172AEFD92C000579CE /* MemberBirthdayView.swift */ = {isa = PBXFileReference; lastKnownFileType = sourcecode.swift; path = MemberBirthdayView.swift; sourceTree = "<group>"; };
		318521192AEFD93B000579CE /* MemberRhTypeView.swift */ = {isa = PBXFileReference; lastKnownFileType = sourcecode.swift; path = MemberRhTypeView.swift; sourceTree = "<group>"; };
		3185211B2AEFEFF3000579CE /* MemberAboTypeView.swift */ = {isa = PBXFileReference; lastKnownFileType = sourcecode.swift; path = MemberAboTypeView.swift; sourceTree = "<group>"; };
		31A78CA42AD42EE400BE629A /* ModuMoa.app */ = {isa = PBXFileReference; explicitFileType = wrapper.application; includeInIndex = 0; path = ModuMoa.app; sourceTree = BUILT_PRODUCTS_DIR; };
		31A78CA72AD42EE400BE629A /* ModuMoaApp.swift */ = {isa = PBXFileReference; lastKnownFileType = sourcecode.swift; path = ModuMoaApp.swift; sourceTree = "<group>"; };
		31A78CA92AD42EE400BE629A /* ContentView.swift */ = {isa = PBXFileReference; lastKnownFileType = sourcecode.swift; path = ContentView.swift; sourceTree = "<group>"; };
		31A78CAB2AD42EE600BE629A /* Assets.xcassets */ = {isa = PBXFileReference; lastKnownFileType = folder.assetcatalog; path = Assets.xcassets; sourceTree = "<group>"; };
		31A78CAE2AD42EE600BE629A /* Preview Assets.xcassets */ = {isa = PBXFileReference; lastKnownFileType = folder.assetcatalog; path = "Preview Assets.xcassets"; sourceTree = "<group>"; };
		31B388EA2AE38E5000DFE875 /* CardView.swift */ = {isa = PBXFileReference; lastKnownFileType = sourcecode.swift; path = CardView.swift; sourceTree = "<group>"; };
		31B388EC2AE3944D00DFE875 /* HierarchyCardView.swift */ = {isa = PBXFileReference; lastKnownFileType = sourcecode.swift; path = HierarchyCardView.swift; sourceTree = "<group>"; };
		31B388EE2AE3D3EB00DFE875 /* CGSize+.swift */ = {isa = PBXFileReference; lastKnownFileType = sourcecode.swift; path = "CGSize+.swift"; sourceTree = "<group>"; };
		31C020C82B0107560031A312 /* AddMyInformation.swift */ = {isa = PBXFileReference; lastKnownFileType = sourcecode.swift; path = AddMyInformation.swift; sourceTree = "<group>"; };
		31C020CA2B0503A90031A312 /* Intro.swift */ = {isa = PBXFileReference; lastKnownFileType = sourcecode.swift; path = Intro.swift; sourceTree = "<group>"; };
		31C020CC2B050A9D0031A312 /* InputName.swift */ = {isa = PBXFileReference; lastKnownFileType = sourcecode.swift; path = InputName.swift; sourceTree = "<group>"; };
		31CD068F2AE55883009D5383 /* AddMyInformationContainerView.swift */ = {isa = PBXFileReference; lastKnownFileType = sourcecode.swift; path = AddMyInformationContainerView.swift; sourceTree = "<group>"; };
		31E1A3A32AFF51780065D499 /* Card.swift */ = {isa = PBXFileReference; lastKnownFileType = sourcecode.swift; path = Card.swift; sourceTree = "<group>"; };
		A0F324CE2ADA7EB500D64198 /* Member.swift */ = {isa = PBXFileReference; lastKnownFileType = sourcecode.swift; path = Member.swift; sourceTree = "<group>"; };
		A0F324D02ADA826200D64198 /* Node.swift */ = {isa = PBXFileReference; lastKnownFileType = sourcecode.swift; path = Node.swift; sourceTree = "<group>"; };
		A0F324D22ADA891700D64198 /* FamilyTree.swift */ = {isa = PBXFileReference; lastKnownFileType = sourcecode.swift; path = FamilyTree.swift; sourceTree = "<group>"; };
/* End PBXFileReference section */

/* Begin PBXFrameworksBuildPhase section */
		31A78CA12AD42EE400BE629A /* Frameworks */ = {
			isa = PBXFrameworksBuildPhase;
			buildActionMask = 2147483647;
			files = (
				31E1A3A12AFF51500065D499 /* ComposableArchitecture in Frameworks */,
			);
			runOnlyForDeploymentPostprocessing = 0;
		};
/* End PBXFrameworksBuildPhase section */

/* Begin PBXGroup section */
		3109AB722B0E37EB00540CAB /* AddMyInformation */ = {
			isa = PBXGroup;
			children = (
				31C020C82B0107560031A312 /* AddMyInformation.swift */,
				31C020CA2B0503A90031A312 /* Intro.swift */,
				31C020CC2B050A9D0031A312 /* InputName.swift */,
				3109AB6E2B0E303000540CAB /* SelectGender.swift */,
				3109AB702B0E355A00540CAB /* InputBirthDay.swift */,
				3109AB732B0E380600540CAB /* SelectBloodType.swift */,
			);
			path = AddMyInformation;
			sourceTree = "<group>";
		};
		317002B82AD58B5800D8991A /* SharedUtils */ = {
			isa = PBXGroup;
			children = (
				317002B92AD58B6100D8991A /* CGFloat+.swift */,
				31B388EE2AE3D3EB00DFE875 /* CGSize+.swift */,
				318457372AE94315007C2045 /* Font+.swift */,
				311A3EF92AED2EE60082D247 /* Date+.swift */,
			);
			path = SharedUtils;
			sourceTree = "<group>";
		};
		318457332AE94183007C2045 /* AddMyInformationViews */ = {
			isa = PBXGroup;
			children = (
				318457342AE941A0007C2045 /* SubViews */,
				31CD068F2AE55883009D5383 /* AddMyInformationContainerView.swift */,
			);
			path = AddMyInformationViews;
			sourceTree = "<group>";
		};
		318457342AE941A0007C2045 /* SubViews */ = {
			isa = PBXGroup;
			children = (
				318457352AE941B3007C2045 /* IntroView.swift */,
				314FD6A52AE955CA0052251C /* InputNameView.swift */,
				311A3EF52AED21F70082D247 /* SelectGenderView.swift */,
				311A3EF72AED2AEF0082D247 /* InputBirthdayView.swift */,
				311A3EFB2AEE44800082D247 /* SelectBloodTypeView.swift */,
			);
			path = SubViews;
			sourceTree = "<group>";
		};
		318457392AE94698007C2045 /* Fonts */ = {
			isa = PBXGroup;
			children = (
				3184573A2AE946AD007C2045 /* SF-Pro.ttf */,
				3184573C2AE946D1007C2045 /* SF-Pro-Text-Regular.otf */,
				3184573E2AE946DE007C2045 /* SF-Pro-Text-Semibold.otf */,
				318457402AE946ED007C2045 /* SF-Pro-Text-Medium.otf */,
			);
			path = Fonts;
			sourceTree = "<group>";
		};
		3185210A2AEE75E1000579CE /* ViewComponents */ = {
			isa = PBXGroup;
			children = (
				314FD6A32AE9542A0052251C /* RoundedRectangleButtonView.swift */,
			);
			path = ViewComponents;
			sourceTree = "<group>";
		};
		3185210F2AEEA300000579CE /* MemberViews */ = {
			isa = PBXGroup;
			children = (
				318521122AEFD8F3000579CE /* Subs */,
				318521102AEEA30B000579CE /* MemberView.swift */,
			);
			path = MemberViews;
			sourceTree = "<group>";
		};
		318521122AEFD8F3000579CE /* Subs */ = {
			isa = PBXGroup;
			children = (
				318521132AEFD911000579CE /* MemberNameView.swift */,
				318521152AEFD91F000579CE /* MemberSexView.swift */,
				318521172AEFD92C000579CE /* MemberBirthdayView.swift */,
				318521192AEFD93B000579CE /* MemberRhTypeView.swift */,
				3185211B2AEFEFF3000579CE /* MemberAboTypeView.swift */,
				3185210D2AEE76D7000579CE /* TextSectionSubView.swift */,
			);
			path = Subs;
			sourceTree = "<group>";
		};
		31A78C9B2AD42EE400BE629A = {
			isa = PBXGroup;
			children = (
				31A78CA62AD42EE400BE629A /* ModuMoa */,
				31A78CA52AD42EE400BE629A /* Products */,
			);
			sourceTree = "<group>";
		};
		31A78CA52AD42EE400BE629A /* Products */ = {
			isa = PBXGroup;
			children = (
				31A78CA42AD42EE400BE629A /* ModuMoa.app */,
			);
			name = Products;
			sourceTree = "<group>";
		};
		31A78CA62AD42EE400BE629A /* ModuMoa */ = {
			isa = PBXGroup;
			children = (
				318457422AE94726007C2045 /* Info.plist */,
				318457392AE94698007C2045 /* Fonts */,
				31E1A3A22AFF51620065D499 /* ViewModels */,
				31B388E92AE38E4200DFE875 /* Views */,
				A0F324CD2ADA7E7800D64198 /* Models */,
				317002B82AD58B5800D8991A /* SharedUtils */,
				31A78CA72AD42EE400BE629A /* ModuMoaApp.swift */,
				31A78CA92AD42EE400BE629A /* ContentView.swift */,
				31A78CAB2AD42EE600BE629A /* Assets.xcassets */,
				31A78CAD2AD42EE600BE629A /* Preview Content */,
			);
			path = ModuMoa;
			sourceTree = "<group>";
		};
		31A78CAD2AD42EE600BE629A /* Preview Content */ = {
			isa = PBXGroup;
			children = (
				31A78CAE2AD42EE600BE629A /* Preview Assets.xcassets */,
			);
			path = "Preview Content";
			sourceTree = "<group>";
		};
		31B388E92AE38E4200DFE875 /* Views */ = {
			isa = PBXGroup;
			children = (
				3185210F2AEEA300000579CE /* MemberViews */,
				3185210A2AEE75E1000579CE /* ViewComponents */,
				318457332AE94183007C2045 /* AddMyInformationViews */,
				31B388EA2AE38E5000DFE875 /* CardView.swift */,
				31B388EC2AE3944D00DFE875 /* HierarchyCardView.swift */,
			);
			path = Views;
			sourceTree = "<group>";
		};
		31E1A3A22AFF51620065D499 /* ViewModels */ = {
			isa = PBXGroup;
			children = (
				3109AB722B0E37EB00540CAB /* AddMyInformation */,
				31E1A3A32AFF51780065D499 /* Card.swift */,
			);
			path = ViewModels;
			sourceTree = "<group>";
		};
		A0F324CD2ADA7E7800D64198 /* Models */ = {
			isa = PBXGroup;
			children = (
				A0F324CE2ADA7EB500D64198 /* Member.swift */,
				A0F324D02ADA826200D64198 /* Node.swift */,
				A0F324D22ADA891700D64198 /* FamilyTree.swift */,
			);
			path = Models;
			sourceTree = "<group>";
		};
/* End PBXGroup section */

/* Begin PBXNativeTarget section */
		31A78CA32AD42EE400BE629A /* ModuMoa */ = {
			isa = PBXNativeTarget;
			buildConfigurationList = 31A78CB22AD42EE600BE629A /* Build configuration list for PBXNativeTarget "ModuMoa" */;
			buildPhases = (
				31A78CA02AD42EE400BE629A /* Sources */,
				31A78CA12AD42EE400BE629A /* Frameworks */,
				31A78CA22AD42EE400BE629A /* Resources */,
			);
			buildRules = (
			);
			dependencies = (
			);
			name = ModuMoa;
			packageProductDependencies = (
				31E1A3A02AFF51500065D499 /* ComposableArchitecture */,
			);
			productName = ModuMoa;
			productReference = 31A78CA42AD42EE400BE629A /* ModuMoa.app */;
			productType = "com.apple.product-type.application";
		};
/* End PBXNativeTarget section */

/* Begin PBXProject section */
		31A78C9C2AD42EE400BE629A /* Project object */ = {
			isa = PBXProject;
			attributes = {
				BuildIndependentTargetsInParallel = 1;
				LastSwiftUpdateCheck = 1500;
				LastUpgradeCheck = 1500;
				TargetAttributes = {
					31A78CA32AD42EE400BE629A = {
						CreatedOnToolsVersion = 15.0;
					};
				};
			};
			buildConfigurationList = 31A78C9F2AD42EE400BE629A /* Build configuration list for PBXProject "ModuMoa" */;
			compatibilityVersion = "Xcode 14.0";
			developmentRegion = en;
			hasScannedForEncodings = 0;
			knownRegions = (
				en,
				Base,
			);
			mainGroup = 31A78C9B2AD42EE400BE629A;
			packageReferences = (
				31E1A39F2AFF51500065D499 /* XCRemoteSwiftPackageReference "swift-composable-architecture" */,
			);
			productRefGroup = 31A78CA52AD42EE400BE629A /* Products */;
			projectDirPath = "";
			projectRoot = "";
			targets = (
				31A78CA32AD42EE400BE629A /* ModuMoa */,
			);
		};
/* End PBXProject section */

/* Begin PBXResourcesBuildPhase section */
		31A78CA22AD42EE400BE629A /* Resources */ = {
			isa = PBXResourcesBuildPhase;
			buildActionMask = 2147483647;
			files = (
				31A78CAF2AD42EE600BE629A /* Preview Assets.xcassets in Resources */,
				3184573B2AE946AD007C2045 /* SF-Pro.ttf in Resources */,
				318457412AE946ED007C2045 /* SF-Pro-Text-Medium.otf in Resources */,
				3184573F2AE946DE007C2045 /* SF-Pro-Text-Semibold.otf in Resources */,
				3184573D2AE946D1007C2045 /* SF-Pro-Text-Regular.otf in Resources */,
				31A78CAC2AD42EE600BE629A /* Assets.xcassets in Resources */,
			);
			runOnlyForDeploymentPostprocessing = 0;
		};
/* End PBXResourcesBuildPhase section */

/* Begin PBXSourcesBuildPhase section */
		31A78CA02AD42EE400BE629A /* Sources */ = {
			isa = PBXSourcesBuildPhase;
			buildActionMask = 2147483647;
			files = (
				318457382AE94315007C2045 /* Font+.swift in Sources */,
				314FD6A42AE9542A0052251C /* RoundedRectangleButtonView.swift in Sources */,
				3109AB742B0E380600540CAB /* SelectBloodType.swift in Sources */,
				31C020CD2B050A9D0031A312 /* InputName.swift in Sources */,
				318521162AEFD91F000579CE /* MemberSexView.swift in Sources */,
				31B388EF2AE3D3EB00DFE875 /* CGSize+.swift in Sources */,
				31CD06902AE55883009D5383 /* AddMyInformationContainerView.swift in Sources */,
				311A3EF82AED2AEF0082D247 /* InputBirthdayView.swift in Sources */,
				3185211C2AEFEFF3000579CE /* MemberAboTypeView.swift in Sources */,
				31B388EB2AE38E5000DFE875 /* CardView.swift in Sources */,
				31A78CAA2AD42EE400BE629A /* ContentView.swift in Sources */,
				311A3EFC2AEE44800082D247 /* SelectBloodTypeView.swift in Sources */,
				318521112AEEA30B000579CE /* MemberView.swift in Sources */,
				3185211A2AEFD93B000579CE /* MemberRhTypeView.swift in Sources */,
				A0F324D32ADA891700D64198 /* FamilyTree.swift in Sources */,
				A0F324CF2ADA7EB500D64198 /* Member.swift in Sources */,
				3109AB712B0E355A00540CAB /* InputBirthDay.swift in Sources */,
				318521182AEFD92C000579CE /* MemberBirthdayView.swift in Sources */,
				3109AB6F2B0E303000540CAB /* SelectGender.swift in Sources */,
				311A3EF62AED21F70082D247 /* SelectGenderView.swift in Sources */,
				31C020C92B0107560031A312 /* AddMyInformation.swift in Sources */,
				317002BA2AD58B6100D8991A /* CGFloat+.swift in Sources */,
				31C020CB2B0503A90031A312 /* Intro.swift in Sources */,
				31E1A3A42AFF51780065D499 /* Card.swift in Sources */,
				31A78CA82AD42EE400BE629A /* ModuMoaApp.swift in Sources */,
				311A3EFA2AED2EE60082D247 /* Date+.swift in Sources */,
				314FD6A62AE955CA0052251C /* InputNameView.swift in Sources */,
				31B388ED2AE3944D00DFE875 /* HierarchyCardView.swift in Sources */,
				318457362AE941B3007C2045 /* IntroView.swift in Sources */,
				318521142AEFD911000579CE /* MemberNameView.swift in Sources */,
				3185210E2AEE76D7000579CE /* TextSectionSubView.swift in Sources */,
				A0F324D12ADA826200D64198 /* Node.swift in Sources */,
			);
			runOnlyForDeploymentPostprocessing = 0;
		};
/* End PBXSourcesBuildPhase section */

/* Begin XCBuildConfiguration section */
		31A78CB02AD42EE600BE629A /* Debug */ = {
			isa = XCBuildConfiguration;
			buildSettings = {
				ALWAYS_SEARCH_USER_PATHS = NO;
				ASSETCATALOG_COMPILER_GENERATE_SWIFT_ASSET_SYMBOL_EXTENSIONS = YES;
				CLANG_ANALYZER_NONNULL = YES;
				CLANG_ANALYZER_NUMBER_OBJECT_CONVERSION = YES_AGGRESSIVE;
				CLANG_CXX_LANGUAGE_STANDARD = "gnu++20";
				CLANG_ENABLE_MODULES = YES;
				CLANG_ENABLE_OBJC_ARC = YES;
				CLANG_ENABLE_OBJC_WEAK = YES;
				CLANG_WARN_BLOCK_CAPTURE_AUTORELEASING = YES;
				CLANG_WARN_BOOL_CONVERSION = YES;
				CLANG_WARN_COMMA = YES;
				CLANG_WARN_CONSTANT_CONVERSION = YES;
				CLANG_WARN_DEPRECATED_OBJC_IMPLEMENTATIONS = YES;
				CLANG_WARN_DIRECT_OBJC_ISA_USAGE = YES_ERROR;
				CLANG_WARN_DOCUMENTATION_COMMENTS = YES;
				CLANG_WARN_EMPTY_BODY = YES;
				CLANG_WARN_ENUM_CONVERSION = YES;
				CLANG_WARN_INFINITE_RECURSION = YES;
				CLANG_WARN_INT_CONVERSION = YES;
				CLANG_WARN_NON_LITERAL_NULL_CONVERSION = YES;
				CLANG_WARN_OBJC_IMPLICIT_RETAIN_SELF = YES;
				CLANG_WARN_OBJC_LITERAL_CONVERSION = YES;
				CLANG_WARN_OBJC_ROOT_CLASS = YES_ERROR;
				CLANG_WARN_QUOTED_INCLUDE_IN_FRAMEWORK_HEADER = YES;
				CLANG_WARN_RANGE_LOOP_ANALYSIS = YES;
				CLANG_WARN_STRICT_PROTOTYPES = YES;
				CLANG_WARN_SUSPICIOUS_MOVE = YES;
				CLANG_WARN_UNGUARDED_AVAILABILITY = YES_AGGRESSIVE;
				CLANG_WARN_UNREACHABLE_CODE = YES;
				CLANG_WARN__DUPLICATE_METHOD_MATCH = YES;
				COPY_PHASE_STRIP = NO;
				DEBUG_INFORMATION_FORMAT = dwarf;
				ENABLE_STRICT_OBJC_MSGSEND = YES;
				ENABLE_TESTABILITY = YES;
				ENABLE_USER_SCRIPT_SANDBOXING = YES;
				GCC_C_LANGUAGE_STANDARD = gnu17;
				GCC_DYNAMIC_NO_PIC = NO;
				GCC_NO_COMMON_BLOCKS = YES;
				GCC_OPTIMIZATION_LEVEL = 0;
				GCC_PREPROCESSOR_DEFINITIONS = (
					"DEBUG=1",
					"$(inherited)",
				);
				GCC_WARN_64_TO_32_BIT_CONVERSION = YES;
				GCC_WARN_ABOUT_RETURN_TYPE = YES_ERROR;
				GCC_WARN_UNDECLARED_SELECTOR = YES;
				GCC_WARN_UNINITIALIZED_AUTOS = YES_AGGRESSIVE;
				GCC_WARN_UNUSED_FUNCTION = YES;
				GCC_WARN_UNUSED_VARIABLE = YES;
				IPHONEOS_DEPLOYMENT_TARGET = 17.0;
				LOCALIZATION_PREFERS_STRING_CATALOGS = YES;
				MTL_ENABLE_DEBUG_INFO = INCLUDE_SOURCE;
				MTL_FAST_MATH = YES;
				ONLY_ACTIVE_ARCH = YES;
				SDKROOT = iphoneos;
				SWIFT_ACTIVE_COMPILATION_CONDITIONS = "DEBUG $(inherited)";
				SWIFT_OPTIMIZATION_LEVEL = "-Onone";
			};
			name = Debug;
		};
		31A78CB12AD42EE600BE629A /* Release */ = {
			isa = XCBuildConfiguration;
			buildSettings = {
				ALWAYS_SEARCH_USER_PATHS = NO;
				ASSETCATALOG_COMPILER_GENERATE_SWIFT_ASSET_SYMBOL_EXTENSIONS = YES;
				CLANG_ANALYZER_NONNULL = YES;
				CLANG_ANALYZER_NUMBER_OBJECT_CONVERSION = YES_AGGRESSIVE;
				CLANG_CXX_LANGUAGE_STANDARD = "gnu++20";
				CLANG_ENABLE_MODULES = YES;
				CLANG_ENABLE_OBJC_ARC = YES;
				CLANG_ENABLE_OBJC_WEAK = YES;
				CLANG_WARN_BLOCK_CAPTURE_AUTORELEASING = YES;
				CLANG_WARN_BOOL_CONVERSION = YES;
				CLANG_WARN_COMMA = YES;
				CLANG_WARN_CONSTANT_CONVERSION = YES;
				CLANG_WARN_DEPRECATED_OBJC_IMPLEMENTATIONS = YES;
				CLANG_WARN_DIRECT_OBJC_ISA_USAGE = YES_ERROR;
				CLANG_WARN_DOCUMENTATION_COMMENTS = YES;
				CLANG_WARN_EMPTY_BODY = YES;
				CLANG_WARN_ENUM_CONVERSION = YES;
				CLANG_WARN_INFINITE_RECURSION = YES;
				CLANG_WARN_INT_CONVERSION = YES;
				CLANG_WARN_NON_LITERAL_NULL_CONVERSION = YES;
				CLANG_WARN_OBJC_IMPLICIT_RETAIN_SELF = YES;
				CLANG_WARN_OBJC_LITERAL_CONVERSION = YES;
				CLANG_WARN_OBJC_ROOT_CLASS = YES_ERROR;
				CLANG_WARN_QUOTED_INCLUDE_IN_FRAMEWORK_HEADER = YES;
				CLANG_WARN_RANGE_LOOP_ANALYSIS = YES;
				CLANG_WARN_STRICT_PROTOTYPES = YES;
				CLANG_WARN_SUSPICIOUS_MOVE = YES;
				CLANG_WARN_UNGUARDED_AVAILABILITY = YES_AGGRESSIVE;
				CLANG_WARN_UNREACHABLE_CODE = YES;
				CLANG_WARN__DUPLICATE_METHOD_MATCH = YES;
				COPY_PHASE_STRIP = NO;
				DEBUG_INFORMATION_FORMAT = "dwarf-with-dsym";
				ENABLE_NS_ASSERTIONS = NO;
				ENABLE_STRICT_OBJC_MSGSEND = YES;
				ENABLE_USER_SCRIPT_SANDBOXING = YES;
				GCC_C_LANGUAGE_STANDARD = gnu17;
				GCC_NO_COMMON_BLOCKS = YES;
				GCC_WARN_64_TO_32_BIT_CONVERSION = YES;
				GCC_WARN_ABOUT_RETURN_TYPE = YES_ERROR;
				GCC_WARN_UNDECLARED_SELECTOR = YES;
				GCC_WARN_UNINITIALIZED_AUTOS = YES_AGGRESSIVE;
				GCC_WARN_UNUSED_FUNCTION = YES;
				GCC_WARN_UNUSED_VARIABLE = YES;
				IPHONEOS_DEPLOYMENT_TARGET = 17.0;
				LOCALIZATION_PREFERS_STRING_CATALOGS = YES;
				MTL_ENABLE_DEBUG_INFO = NO;
				MTL_FAST_MATH = YES;
				SDKROOT = iphoneos;
				SWIFT_COMPILATION_MODE = wholemodule;
				VALIDATE_PRODUCT = YES;
			};
			name = Release;
		};
		31A78CB32AD42EE600BE629A /* Debug */ = {
			isa = XCBuildConfiguration;
			buildSettings = {
				ASSETCATALOG_COMPILER_APPICON_NAME = AppIcon;
				ASSETCATALOG_COMPILER_GLOBAL_ACCENT_COLOR_NAME = AccentColor;
				CODE_SIGN_STYLE = Automatic;
				CURRENT_PROJECT_VERSION = 1;
				DEVELOPMENT_ASSET_PATHS = "\"ModuMoa/Preview Content\"";
				DEVELOPMENT_TEAM = A44U4A2F2G;
				ENABLE_PREVIEWS = YES;
				GENERATE_INFOPLIST_FILE = YES;
				INFOPLIST_FILE = ModuMoa/Info.plist;
				INFOPLIST_KEY_UIApplicationSceneManifest_Generation = YES;
				INFOPLIST_KEY_UIApplicationSupportsIndirectInputEvents = YES;
				INFOPLIST_KEY_UILaunchScreen_Generation = YES;
				INFOPLIST_KEY_UISupportedInterfaceOrientations_iPad = "UIInterfaceOrientationPortrait UIInterfaceOrientationPortraitUpsideDown UIInterfaceOrientationLandscapeLeft UIInterfaceOrientationLandscapeRight";
				INFOPLIST_KEY_UISupportedInterfaceOrientations_iPhone = UIInterfaceOrientationPortrait;
				INFOPLIST_KEY_UIUserInterfaceStyle = Light;
				LD_RUNPATH_SEARCH_PATHS = (
					"$(inherited)",
					"@executable_path/Frameworks",
				);
				MARKETING_VERSION = 1.0;
				PRODUCT_BUNDLE_IDENTIFIER = com.x.ModuMoa;
				PRODUCT_NAME = "$(TARGET_NAME)";
				SWIFT_EMIT_LOC_STRINGS = YES;
				SWIFT_VERSION = 5.0;
				TARGETED_DEVICE_FAMILY = "1,2";
			};
			name = Debug;
		};
		31A78CB42AD42EE600BE629A /* Release */ = {
			isa = XCBuildConfiguration;
			buildSettings = {
				ASSETCATALOG_COMPILER_APPICON_NAME = AppIcon;
				ASSETCATALOG_COMPILER_GLOBAL_ACCENT_COLOR_NAME = AccentColor;
				CODE_SIGN_STYLE = Automatic;
				CURRENT_PROJECT_VERSION = 1;
				DEVELOPMENT_ASSET_PATHS = "\"ModuMoa/Preview Content\"";
				DEVELOPMENT_TEAM = A44U4A2F2G;
				ENABLE_PREVIEWS = YES;
				GENERATE_INFOPLIST_FILE = YES;
				INFOPLIST_FILE = ModuMoa/Info.plist;
				INFOPLIST_KEY_UIApplicationSceneManifest_Generation = YES;
				INFOPLIST_KEY_UIApplicationSupportsIndirectInputEvents = YES;
				INFOPLIST_KEY_UILaunchScreen_Generation = YES;
				INFOPLIST_KEY_UISupportedInterfaceOrientations_iPad = "UIInterfaceOrientationPortrait UIInterfaceOrientationPortraitUpsideDown UIInterfaceOrientationLandscapeLeft UIInterfaceOrientationLandscapeRight";
				INFOPLIST_KEY_UISupportedInterfaceOrientations_iPhone = UIInterfaceOrientationPortrait;
				INFOPLIST_KEY_UIUserInterfaceStyle = Light;
				LD_RUNPATH_SEARCH_PATHS = (
					"$(inherited)",
					"@executable_path/Frameworks",
				);
				MARKETING_VERSION = 1.0;
				PRODUCT_BUNDLE_IDENTIFIER = com.x.ModuMoa;
				PRODUCT_NAME = "$(TARGET_NAME)";
				SWIFT_EMIT_LOC_STRINGS = YES;
				SWIFT_VERSION = 5.0;
				TARGETED_DEVICE_FAMILY = "1,2";
			};
			name = Release;
		};
/* End XCBuildConfiguration section */

/* Begin XCConfigurationList section */
		31A78C9F2AD42EE400BE629A /* Build configuration list for PBXProject "ModuMoa" */ = {
			isa = XCConfigurationList;
			buildConfigurations = (
				31A78CB02AD42EE600BE629A /* Debug */,
				31A78CB12AD42EE600BE629A /* Release */,
			);
			defaultConfigurationIsVisible = 0;
			defaultConfigurationName = Release;
		};
		31A78CB22AD42EE600BE629A /* Build configuration list for PBXNativeTarget "ModuMoa" */ = {
			isa = XCConfigurationList;
			buildConfigurations = (
				31A78CB32AD42EE600BE629A /* Debug */,
				31A78CB42AD42EE600BE629A /* Release */,
			);
			defaultConfigurationIsVisible = 0;
			defaultConfigurationName = Release;
		};
/* End XCConfigurationList section */

/* Begin XCRemoteSwiftPackageReference section */
		31E1A39F2AFF51500065D499 /* XCRemoteSwiftPackageReference "swift-composable-architecture" */ = {
			isa = XCRemoteSwiftPackageReference;
			repositoryURL = "https://github.com/pointfreeco/swift-composable-architecture";
			requirement = {
				kind = upToNextMajorVersion;
				minimumVersion = 1.3.0;
			};
		};
/* End XCRemoteSwiftPackageReference section */

/* Begin XCSwiftPackageProductDependency section */
		31E1A3A02AFF51500065D499 /* ComposableArchitecture */ = {
			isa = XCSwiftPackageProductDependency;
			package = 31E1A39F2AFF51500065D499 /* XCRemoteSwiftPackageReference "swift-composable-architecture" */;
			productName = ComposableArchitecture;
		};
/* End XCSwiftPackageProductDependency section */
	};
	rootObject = 31A78C9C2AD42EE400BE629A /* Project object */;
}
